// !$*UTF8*$!
{
	archiveVersion = 1;
	classes = {
	};
	objectVersion = 46;
	objects = {

/* Begin PBXBuildFile section */
		4C9654091B27D22B00E8E5B1 /* NavigationBar+Colorful.m in Sources */ = {isa = PBXBuildFile; fileRef = 4C9654081B27D22B00E8E5B1 /* NavigationBar+Colorful.m */; };
		4CE338811B2526830071E68C /* main.m in Sources */ = {isa = PBXBuildFile; fileRef = 4CE338801B2526830071E68C /* main.m */; };
		4CE338841B2526830071E68C /* AppDelegate.m in Sources */ = {isa = PBXBuildFile; fileRef = 4CE338831B2526830071E68C /* AppDelegate.m */; };
		4CE338871B2526830071E68C /* ViewController.m in Sources */ = {isa = PBXBuildFile; fileRef = 4CE338861B2526830071E68C /* ViewController.m */; };
		4CE3388A1B2526830071E68C /* Main.storyboard in Resources */ = {isa = PBXBuildFile; fileRef = 4CE338881B2526830071E68C /* Main.storyboard */; };
		4CE3388C1B2526830071E68C /* Images.xcassets in Resources */ = {isa = PBXBuildFile; fileRef = 4CE3388B1B2526830071E68C /* Images.xcassets */; };
		4CE3388F1B2526830071E68C /* LaunchScreen.xib in Resources */ = {isa = PBXBuildFile; fileRef = 4CE3388D1B2526830071E68C /* LaunchScreen.xib */; };
		4CE3389B1B2526840071E68C /* Objective_CArmyKnifeExampleTests.m in Sources */ = {isa = PBXBuildFile; fileRef = 4CE3389A1B2526840071E68C /* Objective_CArmyKnifeExampleTests.m */; };
		4CF3F1E11B2567A000B1DF33 /* UIView+Frame.m in Sources */ = {isa = PBXBuildFile; fileRef = 4CF3F1A71B2567A000B1DF33 /* UIView+Frame.m */; };
		4CF3F1E21B2567A000B1DF33 /* CAAnimation+Extensions.m in Sources */ = {isa = PBXBuildFile; fileRef = 4CF3F1AA1B2567A000B1DF33 /* CAAnimation+Extensions.m */; };
		4CF3F1E31B2567A000B1DF33 /* CGRect+Extensions.m in Sources */ = {isa = PBXBuildFile; fileRef = 4CF3F1AC1B2567A000B1DF33 /* CGRect+Extensions.m */; };
		4CF3F1E41B2567A000B1DF33 /* NSData+Extensions.m in Sources */ = {isa = PBXBuildFile; fileRef = 4CF3F1AF1B2567A000B1DF33 /* NSData+Extensions.m */; };
		4CF3F1E51B2567A000B1DF33 /* NSString+Extensions.m in Sources */ = {isa = PBXBuildFile; fileRef = 4CF3F1B11B2567A000B1DF33 /* NSString+Extensions.m */; };
		4CF3F1E61B2567A000B1DF33 /* UIColor+Extensions.m in Sources */ = {isa = PBXBuildFile; fileRef = 4CF3F1B31B2567A000B1DF33 /* UIColor+Extensions.m */; };
		4CF3F1E71B2567A000B1DF33 /* UIDevice+Extensions.m in Sources */ = {isa = PBXBuildFile; fileRef = 4CF3F1B51B2567A000B1DF33 /* UIDevice+Extensions.m */; };
		4CF3F1E81B2567A000B1DF33 /* UIImageView+Extensions.m in Sources */ = {isa = PBXBuildFile; fileRef = 4CF3F1B71B2567A000B1DF33 /* UIImageView+Extensions.m */; };
		4CF3F1E91B2567A000B1DF33 /* UIView+Extensions.m in Sources */ = {isa = PBXBuildFile; fileRef = 4CF3F1B91B2567A000B1DF33 /* UIView+Extensions.m */; };
		4CF3F1EA1B2567A000B1DF33 /* MethodSwizzConvenienceInterface.m in Sources */ = {isa = PBXBuildFile; fileRef = 4CF3F1C11B2567A000B1DF33 /* MethodSwizzConvenienceInterface.m */; };
		4CF3F1EB1B2567A000B1DF33 /* NSArray+PrintModelProperty.m in Sources */ = {isa = PBXBuildFile; fileRef = 4CF3F1C41B2567A000B1DF33 /* NSArray+PrintModelProperty.m */; };
		4CF3F1EC1B2567A000B1DF33 /* NSDictionary+PrintModelProperty.m in Sources */ = {isa = PBXBuildFile; fileRef = 4CF3F1C61B2567A000B1DF33 /* NSDictionary+PrintModelProperty.m */; };
		4CF3F1ED1B2567A000B1DF33 /* NSObject+PrintModelProperty.m in Sources */ = {isa = PBXBuildFile; fileRef = 4CF3F1C81B2567A000B1DF33 /* NSObject+PrintModelProperty.m */; };
		4CF3F1EE1B2567A000B1DF33 /* NSSet+PrintModelProperty.m in Sources */ = {isa = PBXBuildFile; fileRef = 4CF3F1CA1B2567A000B1DF33 /* NSSet+PrintModelProperty.m */; };
		4CF3F1EF1B2567A000B1DF33 /* NSArray+CollectionViewDataSource.m in Sources */ = {isa = PBXBuildFile; fileRef = 4CF3F1CF1B2567A000B1DF33 /* NSArray+CollectionViewDataSource.m */; };
		4CF3F1F01B2567A000B1DF33 /* NSArray+TableViewDataSource.m in Sources */ = {isa = PBXBuildFile; fileRef = 4CF3F1D11B2567A000B1DF33 /* NSArray+TableViewDataSource.m */; };
		4CF3F1F11B2567A000B1DF33 /* UIView+Frame.m in Sources */ = {isa = PBXBuildFile; fileRef = 4CF3F1D41B2567A000B1DF33 /* UIView+Frame.m */; };
		4CF3F1F21B2567A000B1DF33 /* UIImage+LoadImage.m in Sources */ = {isa = PBXBuildFile; fileRef = 4CF3F1D71B2567A000B1DF33 /* UIImage+LoadImage.m */; };
		4CF3F1F31B2567A000B1DF33 /* UICollectionView+RegisterCell.m in Sources */ = {isa = PBXBuildFile; fileRef = 4CF3F1DA1B2567A000B1DF33 /* UICollectionView+RegisterCell.m */; };
		4CF3F1F41B2567A000B1DF33 /* UITableView+RegisterCell.m in Sources */ = {isa = PBXBuildFile; fileRef = 4CF3F1DC1B2567A000B1DF33 /* UITableView+RegisterCell.m */; };
		4CF3F1F51B2567A000B1DF33 /* UITabBarController+UINavigationController.m in Sources */ = {isa = PBXBuildFile; fileRef = 4CF3F1DF1B2567A000B1DF33 /* UITabBarController+UINavigationController.m */; };
		4CF3F1F81B25696B00B1DF33 /* UIViewController+PrintViewControllerHierarchy.m in Sources */ = {isa = PBXBuildFile; fileRef = 4CF3F1F71B25696B00B1DF33 /* UIViewController+PrintViewControllerHierarchy.m */; };
		4CF3F2041B26D78F00B1DF33 /* LoopLoadingView.m in Sources */ = {isa = PBXBuildFile; fileRef = 4CF3F2031B26D78F00B1DF33 /* LoopLoadingView.m */; };
/* End PBXBuildFile section */

/* Begin PBXContainerItemProxy section */
		4CE338951B2526840071E68C /* PBXContainerItemProxy */ = {
			isa = PBXContainerItemProxy;
			containerPortal = 4CE338731B2526830071E68C /* Project object */;
			proxyType = 1;
			remoteGlobalIDString = 4CE3387A1B2526830071E68C;
			remoteInfo = "Objective-CArmyKnifeExample";
		};
/* End PBXContainerItemProxy section */

/* Begin PBXFileReference section */
		4C9654071B27D22B00E8E5B1 /* NavigationBar+Colorful.h */ = {isa = PBXFileReference; fileEncoding = 4; lastKnownFileType = sourcecode.c.h; path = "NavigationBar+Colorful.h"; sourceTree = "<group>"; };
		4C9654081B27D22B00E8E5B1 /* NavigationBar+Colorful.m */ = {isa = PBXFileReference; fileEncoding = 4; lastKnownFileType = sourcecode.c.objc; path = "NavigationBar+Colorful.m"; sourceTree = "<group>"; };
		4CE3387B1B2526830071E68C /* Objective-CArmyKnifeExample.app */ = {isa = PBXFileReference; explicitFileType = wrapper.application; includeInIndex = 0; path = "Objective-CArmyKnifeExample.app"; sourceTree = BUILT_PRODUCTS_DIR; };
		4CE3387F1B2526830071E68C /* Info.plist */ = {isa = PBXFileReference; lastKnownFileType = text.plist.xml; path = Info.plist; sourceTree = "<group>"; };
		4CE338801B2526830071E68C /* main.m */ = {isa = PBXFileReference; lastKnownFileType = sourcecode.c.objc; path = main.m; sourceTree = "<group>"; };
		4CE338821B2526830071E68C /* AppDelegate.h */ = {isa = PBXFileReference; lastKnownFileType = sourcecode.c.h; path = AppDelegate.h; sourceTree = "<group>"; };
		4CE338831B2526830071E68C /* AppDelegate.m */ = {isa = PBXFileReference; lastKnownFileType = sourcecode.c.objc; path = AppDelegate.m; sourceTree = "<group>"; };
		4CE338851B2526830071E68C /* ViewController.h */ = {isa = PBXFileReference; lastKnownFileType = sourcecode.c.h; path = ViewController.h; sourceTree = "<group>"; };
		4CE338861B2526830071E68C /* ViewController.m */ = {isa = PBXFileReference; lastKnownFileType = sourcecode.c.objc; path = ViewController.m; sourceTree = "<group>"; };
		4CE338891B2526830071E68C /* Base */ = {isa = PBXFileReference; lastKnownFileType = file.storyboard; name = Base; path = Base.lproj/Main.storyboard; sourceTree = "<group>"; };
		4CE3388B1B2526830071E68C /* Images.xcassets */ = {isa = PBXFileReference; lastKnownFileType = folder.assetcatalog; path = Images.xcassets; sourceTree = "<group>"; };
		4CE3388E1B2526830071E68C /* Base */ = {isa = PBXFileReference; lastKnownFileType = file.xib; name = Base; path = Base.lproj/LaunchScreen.xib; sourceTree = "<group>"; };
		4CE338941B2526840071E68C /* Objective-CArmyKnifeExampleTests.xctest */ = {isa = PBXFileReference; explicitFileType = wrapper.cfbundle; includeInIndex = 0; path = "Objective-CArmyKnifeExampleTests.xctest"; sourceTree = BUILT_PRODUCTS_DIR; };
		4CE338991B2526840071E68C /* Info.plist */ = {isa = PBXFileReference; lastKnownFileType = text.plist.xml; path = Info.plist; sourceTree = "<group>"; };
		4CE3389A1B2526840071E68C /* Objective_CArmyKnifeExampleTests.m */ = {isa = PBXFileReference; lastKnownFileType = sourcecode.c.objc; path = Objective_CArmyKnifeExampleTests.m; sourceTree = "<group>"; };
		4CF3F1A61B2567A000B1DF33 /* UIView+Frame.h */ = {isa = PBXFileReference; fileEncoding = 4; lastKnownFileType = sourcecode.c.h; path = "UIView+Frame.h"; sourceTree = "<group>"; };
		4CF3F1A71B2567A000B1DF33 /* UIView+Frame.m */ = {isa = PBXFileReference; fileEncoding = 4; lastKnownFileType = sourcecode.c.objc; path = "UIView+Frame.m"; sourceTree = "<group>"; };
		4CF3F1A91B2567A000B1DF33 /* CAAnimation+Extensions.h */ = {isa = PBXFileReference; fileEncoding = 4; lastKnownFileType = sourcecode.c.h; path = "CAAnimation+Extensions.h"; sourceTree = "<group>"; };
		4CF3F1AA1B2567A000B1DF33 /* CAAnimation+Extensions.m */ = {isa = PBXFileReference; fileEncoding = 4; lastKnownFileType = sourcecode.c.objc; path = "CAAnimation+Extensions.m"; sourceTree = "<group>"; };
		4CF3F1AB1B2567A000B1DF33 /* CGRect+Extensions.h */ = {isa = PBXFileReference; fileEncoding = 4; lastKnownFileType = sourcecode.c.h; path = "CGRect+Extensions.h"; sourceTree = "<group>"; };
		4CF3F1AC1B2567A000B1DF33 /* CGRect+Extensions.m */ = {isa = PBXFileReference; fileEncoding = 4; lastKnownFileType = sourcecode.c.objc; path = "CGRect+Extensions.m"; sourceTree = "<group>"; };
		4CF3F1AE1B2567A000B1DF33 /* NSData+Extensions.h */ = {isa = PBXFileReference; fileEncoding = 4; lastKnownFileType = sourcecode.c.h; path = "NSData+Extensions.h"; sourceTree = "<group>"; };
		4CF3F1AF1B2567A000B1DF33 /* NSData+Extensions.m */ = {isa = PBXFileReference; fileEncoding = 4; lastKnownFileType = sourcecode.c.objc; path = "NSData+Extensions.m"; sourceTree = "<group>"; };
		4CF3F1B01B2567A000B1DF33 /* NSString+Extensions.h */ = {isa = PBXFileReference; fileEncoding = 4; lastKnownFileType = sourcecode.c.h; path = "NSString+Extensions.h"; sourceTree = "<group>"; };
		4CF3F1B11B2567A000B1DF33 /* NSString+Extensions.m */ = {isa = PBXFileReference; fileEncoding = 4; lastKnownFileType = sourcecode.c.objc; path = "NSString+Extensions.m"; sourceTree = "<group>"; };
		4CF3F1B21B2567A000B1DF33 /* UIColor+Extensions.h */ = {isa = PBXFileReference; fileEncoding = 4; lastKnownFileType = sourcecode.c.h; path = "UIColor+Extensions.h"; sourceTree = "<group>"; };
		4CF3F1B31B2567A000B1DF33 /* UIColor+Extensions.m */ = {isa = PBXFileReference; fileEncoding = 4; lastKnownFileType = sourcecode.c.objc; path = "UIColor+Extensions.m"; sourceTree = "<group>"; };
		4CF3F1B41B2567A000B1DF33 /* UIDevice+Extensions.h */ = {isa = PBXFileReference; fileEncoding = 4; lastKnownFileType = sourcecode.c.h; path = "UIDevice+Extensions.h"; sourceTree = "<group>"; };
		4CF3F1B51B2567A000B1DF33 /* UIDevice+Extensions.m */ = {isa = PBXFileReference; fileEncoding = 4; lastKnownFileType = sourcecode.c.objc; path = "UIDevice+Extensions.m"; sourceTree = "<group>"; };
		4CF3F1B61B2567A000B1DF33 /* UIImageView+Extensions.h */ = {isa = PBXFileReference; fileEncoding = 4; lastKnownFileType = sourcecode.c.h; path = "UIImageView+Extensions.h"; sourceTree = "<group>"; };
		4CF3F1B71B2567A000B1DF33 /* UIImageView+Extensions.m */ = {isa = PBXFileReference; fileEncoding = 4; lastKnownFileType = sourcecode.c.objc; path = "UIImageView+Extensions.m"; sourceTree = "<group>"; };
		4CF3F1B81B2567A000B1DF33 /* UIView+Extensions.h */ = {isa = PBXFileReference; fileEncoding = 4; lastKnownFileType = sourcecode.c.h; path = "UIView+Extensions.h"; sourceTree = "<group>"; };
		4CF3F1B91B2567A000B1DF33 /* UIView+Extensions.m */ = {isa = PBXFileReference; fileEncoding = 4; lastKnownFileType = sourcecode.c.objc; path = "UIView+Extensions.m"; sourceTree = "<group>"; };
		4CF3F1BB1B2567A000B1DF33 /* Objective-CArmyKnife.h */ = {isa = PBXFileReference; fileEncoding = 4; lastKnownFileType = sourcecode.c.h; path = "Objective-CArmyKnife.h"; sourceTree = "<group>"; };
		4CF3F1BD1B2567A000B1DF33 /* PrintModelProperty.h */ = {isa = PBXFileReference; fileEncoding = 4; lastKnownFileType = sourcecode.c.h; path = PrintModelProperty.h; sourceTree = "<group>"; };
		4CF3F1C01B2567A000B1DF33 /* MethodSwizzConvenienceInterface.h */ = {isa = PBXFileReference; fileEncoding = 4; lastKnownFileType = sourcecode.c.h; path = MethodSwizzConvenienceInterface.h; sourceTree = "<group>"; };
		4CF3F1C11B2567A000B1DF33 /* MethodSwizzConvenienceInterface.m */ = {isa = PBXFileReference; fileEncoding = 4; lastKnownFileType = sourcecode.c.objc; path = MethodSwizzConvenienceInterface.m; sourceTree = "<group>"; };
		4CF3F1C31B2567A000B1DF33 /* NSArray+PrintModelProperty.h */ = {isa = PBXFileReference; fileEncoding = 4; lastKnownFileType = sourcecode.c.h; path = "NSArray+PrintModelProperty.h"; sourceTree = "<group>"; };
		4CF3F1C41B2567A000B1DF33 /* NSArray+PrintModelProperty.m */ = {isa = PBXFileReference; fileEncoding = 4; lastKnownFileType = sourcecode.c.objc; path = "NSArray+PrintModelProperty.m"; sourceTree = "<group>"; };
		4CF3F1C51B2567A000B1DF33 /* NSDictionary+PrintModelProperty.h */ = {isa = PBXFileReference; fileEncoding = 4; lastKnownFileType = sourcecode.c.h; path = "NSDictionary+PrintModelProperty.h"; sourceTree = "<group>"; };
		4CF3F1C61B2567A000B1DF33 /* NSDictionary+PrintModelProperty.m */ = {isa = PBXFileReference; fileEncoding = 4; lastKnownFileType = sourcecode.c.objc; path = "NSDictionary+PrintModelProperty.m"; sourceTree = "<group>"; };
		4CF3F1C71B2567A000B1DF33 /* NSObject+PrintModelProperty.h */ = {isa = PBXFileReference; fileEncoding = 4; lastKnownFileType = sourcecode.c.h; path = "NSObject+PrintModelProperty.h"; sourceTree = "<group>"; };
		4CF3F1C81B2567A000B1DF33 /* NSObject+PrintModelProperty.m */ = {isa = PBXFileReference; fileEncoding = 4; lastKnownFileType = sourcecode.c.objc; path = "NSObject+PrintModelProperty.m"; sourceTree = "<group>"; };
		4CF3F1C91B2567A000B1DF33 /* NSSet+PrintModelProperty.h */ = {isa = PBXFileReference; fileEncoding = 4; lastKnownFileType = sourcecode.c.h; path = "NSSet+PrintModelProperty.h"; sourceTree = "<group>"; };
		4CF3F1CA1B2567A000B1DF33 /* NSSet+PrintModelProperty.m */ = {isa = PBXFileReference; fileEncoding = 4; lastKnownFileType = sourcecode.c.objc; path = "NSSet+PrintModelProperty.m"; sourceTree = "<group>"; };
		4CF3F1CE1B2567A000B1DF33 /* NSArray+CollectionViewDataSource.h */ = {isa = PBXFileReference; fileEncoding = 4; lastKnownFileType = sourcecode.c.h; path = "NSArray+CollectionViewDataSource.h"; sourceTree = "<group>"; };
		4CF3F1CF1B2567A000B1DF33 /* NSArray+CollectionViewDataSource.m */ = {isa = PBXFileReference; fileEncoding = 4; lastKnownFileType = sourcecode.c.objc; path = "NSArray+CollectionViewDataSource.m"; sourceTree = "<group>"; };
		4CF3F1D01B2567A000B1DF33 /* NSArray+TableViewDataSource.h */ = {isa = PBXFileReference; fileEncoding = 4; lastKnownFileType = sourcecode.c.h; path = "NSArray+TableViewDataSource.h"; sourceTree = "<group>"; };
		4CF3F1D11B2567A000B1DF33 /* NSArray+TableViewDataSource.m */ = {isa = PBXFileReference; fileEncoding = 4; lastKnownFileType = sourcecode.c.objc; path = "NSArray+TableViewDataSource.m"; sourceTree = "<group>"; };
		4CF3F1D31B2567A000B1DF33 /* UIView+Frame.h */ = {isa = PBXFileReference; fileEncoding = 4; lastKnownFileType = sourcecode.c.h; path = "UIView+Frame.h"; sourceTree = "<group>"; };
		4CF3F1D41B2567A000B1DF33 /* UIView+Frame.m */ = {isa = PBXFileReference; fileEncoding = 4; lastKnownFileType = sourcecode.c.objc; path = "UIView+Frame.m"; sourceTree = "<group>"; };
		4CF3F1D61B2567A000B1DF33 /* UIImage+LoadImage.h */ = {isa = PBXFileReference; fileEncoding = 4; lastKnownFileType = sourcecode.c.h; path = "UIImage+LoadImage.h"; sourceTree = "<group>"; };
		4CF3F1D71B2567A000B1DF33 /* UIImage+LoadImage.m */ = {isa = PBXFileReference; fileEncoding = 4; lastKnownFileType = sourcecode.c.objc; path = "UIImage+LoadImage.m"; sourceTree = "<group>"; };
		4CF3F1D91B2567A000B1DF33 /* UICollectionView+RegisterCell.h */ = {isa = PBXFileReference; fileEncoding = 4; lastKnownFileType = sourcecode.c.h; path = "UICollectionView+RegisterCell.h"; sourceTree = "<group>"; };
		4CF3F1DA1B2567A000B1DF33 /* UICollectionView+RegisterCell.m */ = {isa = PBXFileReference; fileEncoding = 4; lastKnownFileType = sourcecode.c.objc; path = "UICollectionView+RegisterCell.m"; sourceTree = "<group>"; };
		4CF3F1DB1B2567A000B1DF33 /* UITableView+RegisterCell.h */ = {isa = PBXFileReference; fileEncoding = 4; lastKnownFileType = sourcecode.c.h; path = "UITableView+RegisterCell.h"; sourceTree = "<group>"; };
		4CF3F1DC1B2567A000B1DF33 /* UITableView+RegisterCell.m */ = {isa = PBXFileReference; fileEncoding = 4; lastKnownFileType = sourcecode.c.objc; path = "UITableView+RegisterCell.m"; sourceTree = "<group>"; };
		4CF3F1DE1B2567A000B1DF33 /* UITabBarController+UINavigationController.h */ = {isa = PBXFileReference; fileEncoding = 4; lastKnownFileType = sourcecode.c.h; path = "UITabBarController+UINavigationController.h"; sourceTree = "<group>"; };
		4CF3F1DF1B2567A000B1DF33 /* UITabBarController+UINavigationController.m */ = {isa = PBXFileReference; fileEncoding = 4; lastKnownFileType = sourcecode.c.objc; path = "UITabBarController+UINavigationController.m"; sourceTree = "<group>"; };
		4CF3F1F61B25696B00B1DF33 /* UIViewController+PrintViewControllerHierarchy.h */ = {isa = PBXFileReference; fileEncoding = 4; lastKnownFileType = sourcecode.c.h; path = "UIViewController+PrintViewControllerHierarchy.h"; sourceTree = "<group>"; };
		4CF3F1F71B25696B00B1DF33 /* UIViewController+PrintViewControllerHierarchy.m */ = {isa = PBXFileReference; fileEncoding = 4; lastKnownFileType = sourcecode.c.objc; path = "UIViewController+PrintViewControllerHierarchy.m"; sourceTree = "<group>"; };
		4CF3F2021B26D78F00B1DF33 /* LoopLoadingView.h */ = {isa = PBXFileReference; fileEncoding = 4; lastKnownFileType = sourcecode.c.h; path = LoopLoadingView.h; sourceTree = "<group>"; };
		4CF3F2031B26D78F00B1DF33 /* LoopLoadingView.m */ = {isa = PBXFileReference; fileEncoding = 4; lastKnownFileType = sourcecode.c.objc; path = LoopLoadingView.m; sourceTree = "<group>"; };
/* End PBXFileReference section */

/* Begin PBXFrameworksBuildPhase section */
		4CE338781B2526830071E68C /* Frameworks */ = {
			isa = PBXFrameworksBuildPhase;
			buildActionMask = 2147483647;
			files = (
			);
			runOnlyForDeploymentPostprocessing = 0;
		};
		4CE338911B2526840071E68C /* Frameworks */ = {
			isa = PBXFrameworksBuildPhase;
			buildActionMask = 2147483647;
			files = (
			);
			runOnlyForDeploymentPostprocessing = 0;
		};
/* End PBXFrameworksBuildPhase section */

/* Begin PBXGroup section */
		4C9654051B27D15F00E8E5B1 /* Loading */ = {
			isa = PBXGroup;
			children = (
				4CF3F2021B26D78F00B1DF33 /* LoopLoadingView.h */,
				4CF3F2031B26D78F00B1DF33 /* LoopLoadingView.m */,
			);
			name = Loading;
			sourceTree = "<group>";
		};
		4C9654061B27D1CD00E8E5B1 /* TransparentNavigationBar */ = {
			isa = PBXGroup;
			children = (
				4C9654071B27D22B00E8E5B1 /* NavigationBar+Colorful.h */,
				4C9654081B27D22B00E8E5B1 /* NavigationBar+Colorful.m */,
			);
			name = TransparentNavigationBar;
			sourceTree = "<group>";
		};
		4CE338721B2526830071E68C = {
			isa = PBXGroup;
			children = (
				4CF3F1A21B2567A000B1DF33 /* Objective-CArmyKnife */,
				4CE3387D1B2526830071E68C /* Objective-CArmyKnifeExample */,
				4CE338971B2526840071E68C /* Objective-CArmyKnifeExampleTests */,
				4CE3387C1B2526830071E68C /* Products */,
			);
			sourceTree = "<group>";
		};
		4CE3387C1B2526830071E68C /* Products */ = {
			isa = PBXGroup;
			children = (
				4CE3387B1B2526830071E68C /* Objective-CArmyKnifeExample.app */,
				4CE338941B2526840071E68C /* Objective-CArmyKnifeExampleTests.xctest */,
			);
			name = Products;
			sourceTree = "<group>";
		};
		4CE3387D1B2526830071E68C /* Objective-CArmyKnifeExample */ = {
			isa = PBXGroup;
			children = (
				4CE338821B2526830071E68C /* AppDelegate.h */,
				4CE338831B2526830071E68C /* AppDelegate.m */,
				4CE338851B2526830071E68C /* ViewController.h */,
				4CE338861B2526830071E68C /* ViewController.m */,
				4CE338881B2526830071E68C /* Main.storyboard */,
				4CE3388B1B2526830071E68C /* Images.xcassets */,
				4CE3388D1B2526830071E68C /* LaunchScreen.xib */,
				4CE3387E1B2526830071E68C /* Supporting Files */,
			);
			path = "Objective-CArmyKnifeExample";
			sourceTree = "<group>";
		};
		4CE3387E1B2526830071E68C /* Supporting Files */ = {
			isa = PBXGroup;
			children = (
				4CE3387F1B2526830071E68C /* Info.plist */,
				4CE338801B2526830071E68C /* main.m */,
			);
			name = "Supporting Files";
			sourceTree = "<group>";
		};
		4CE338971B2526840071E68C /* Objective-CArmyKnifeExampleTests */ = {
			isa = PBXGroup;
			children = (
				4CE3389A1B2526840071E68C /* Objective_CArmyKnifeExampleTests.m */,
				4CE338981B2526840071E68C /* Supporting Files */,
			);
			path = "Objective-CArmyKnifeExampleTests";
			sourceTree = "<group>";
		};
		4CE338981B2526840071E68C /* Supporting Files */ = {
			isa = PBXGroup;
			children = (
				4CE338991B2526840071E68C /* Info.plist */,
			);
			name = "Supporting Files";
			sourceTree = "<group>";
		};
		4CF3F1A21B2567A000B1DF33 /* Objective-CArmyKnife */ = {
			isa = PBXGroup;
			children = (
				4CF3F1A31B2567A000B1DF33 /* Controls */,
				4CF3F1A41B2567A000B1DF33 /* CoreGraphicsExtensions */,
				4CF3F1A81B2567A000B1DF33 /* FoundationExtensions */,
				4CF3F1BB1B2567A000B1DF33 /* Objective-CArmyKnife.h */,
				4CF3F1BC1B2567A000B1DF33 /* PublicHeaders */,
				4CF3F1BE1B2567A000B1DF33 /* RuntimeExtensions */,
				4CF3F1CC1B2567A000B1DF33 /* UIKitExtensions */,
				4CF3F1E01B2567A000B1DF33 /* Wrapper */,
			);
			path = "Objective-CArmyKnife";
			sourceTree = "<group>";
		};
		4CF3F1A31B2567A000B1DF33 /* Controls */ = {
			isa = PBXGroup;
			children = (
				4C9654051B27D15F00E8E5B1 /* Loading */,
			);
			path = Controls;
			sourceTree = "<group>";
		};
		4CF3F1A41B2567A000B1DF33 /* CoreGraphicsExtensions */ = {
			isa = PBXGroup;
			children = (
				4CF3F1A51B2567A000B1DF33 /* CGRect */,
			);
			path = CoreGraphicsExtensions;
			sourceTree = "<group>";
		};
		4CF3F1A51B2567A000B1DF33 /* CGRect */ = {
			isa = PBXGroup;
			children = (
				4CF3F1A61B2567A000B1DF33 /* UIView+Frame.h */,
				4CF3F1A71B2567A000B1DF33 /* UIView+Frame.m */,
			);
			path = CGRect;
			sourceTree = "<group>";
		};
		4CF3F1A81B2567A000B1DF33 /* FoundationExtensions */ = {
			isa = PBXGroup;
			children = (
				4CF3F1A91B2567A000B1DF33 /* CAAnimation+Extensions.h */,
				4CF3F1AA1B2567A000B1DF33 /* CAAnimation+Extensions.m */,
				4CF3F1AB1B2567A000B1DF33 /* CGRect+Extensions.h */,
				4CF3F1AC1B2567A000B1DF33 /* CGRect+Extensions.m */,
				4CF3F1AD1B2567A000B1DF33 /* Encryption */,
				4CF3F1AE1B2567A000B1DF33 /* NSData+Extensions.h */,
				4CF3F1AF1B2567A000B1DF33 /* NSData+Extensions.m */,
				4CF3F1B01B2567A000B1DF33 /* NSString+Extensions.h */,
				4CF3F1B11B2567A000B1DF33 /* NSString+Extensions.m */,
				4CF3F1B21B2567A000B1DF33 /* UIColor+Extensions.h */,
				4CF3F1B31B2567A000B1DF33 /* UIColor+Extensions.m */,
				4CF3F1B41B2567A000B1DF33 /* UIDevice+Extensions.h */,
				4CF3F1B51B2567A000B1DF33 /* UIDevice+Extensions.m */,
				4CF3F1B61B2567A000B1DF33 /* UIImageView+Extensions.h */,
				4CF3F1B71B2567A000B1DF33 /* UIImageView+Extensions.m */,
				4CF3F1B81B2567A000B1DF33 /* UIView+Extensions.h */,
				4CF3F1B91B2567A000B1DF33 /* UIView+Extensions.m */,
				4CF3F1BA1B2567A000B1DF33 /* Validation */,
			);
			path = FoundationExtensions;
			sourceTree = "<group>";
		};
		4CF3F1AD1B2567A000B1DF33 /* Encryption */ = {
			isa = PBXGroup;
			children = (
			);
			path = Encryption;
			sourceTree = "<group>";
		};
		4CF3F1BA1B2567A000B1DF33 /* Validation */ = {
			isa = PBXGroup;
			children = (
			);
			path = Validation;
			sourceTree = "<group>";
		};
		4CF3F1BC1B2567A000B1DF33 /* PublicHeaders */ = {
			isa = PBXGroup;
			children = (
				4CF3F1BD1B2567A000B1DF33 /* PrintModelProperty.h */,
			);
			path = PublicHeaders;
			sourceTree = "<group>";
		};
		4CF3F1BE1B2567A000B1DF33 /* RuntimeExtensions */ = {
			isa = PBXGroup;
			children = (
				4CF3F1BF1B2567A000B1DF33 /* MethodSwizzConvenienceInterface */,
				4CF3F1C21B2567A000B1DF33 /* PrintModelProperty */,
				4CF3F1CB1B2567A000B1DF33 /* PrintViewControllerHierarchy */,
			);
			path = RuntimeExtensions;
			sourceTree = "<group>";
		};
		4CF3F1BF1B2567A000B1DF33 /* MethodSwizzConvenienceInterface */ = {
			isa = PBXGroup;
			children = (
				4CF3F1C01B2567A000B1DF33 /* MethodSwizzConvenienceInterface.h */,
				4CF3F1C11B2567A000B1DF33 /* MethodSwizzConvenienceInterface.m */,
			);
			path = MethodSwizzConvenienceInterface;
			sourceTree = "<group>";
		};
		4CF3F1C21B2567A000B1DF33 /* PrintModelProperty */ = {
			isa = PBXGroup;
			children = (
				4CF3F1C31B2567A000B1DF33 /* NSArray+PrintModelProperty.h */,
				4CF3F1C41B2567A000B1DF33 /* NSArray+PrintModelProperty.m */,
				4CF3F1C51B2567A000B1DF33 /* NSDictionary+PrintModelProperty.h */,
				4CF3F1C61B2567A000B1DF33 /* NSDictionary+PrintModelProperty.m */,
				4CF3F1C71B2567A000B1DF33 /* NSObject+PrintModelProperty.h */,
				4CF3F1C81B2567A000B1DF33 /* NSObject+PrintModelProperty.m */,
				4CF3F1C91B2567A000B1DF33 /* NSSet+PrintModelProperty.h */,
				4CF3F1CA1B2567A000B1DF33 /* NSSet+PrintModelProperty.m */,
			);
			path = PrintModelProperty;
			sourceTree = "<group>";
		};
		4CF3F1CB1B2567A000B1DF33 /* PrintViewControllerHierarchy */ = {
			isa = PBXGroup;
			children = (
				4CF3F1F61B25696B00B1DF33 /* UIViewController+PrintViewControllerHierarchy.h */,
				4CF3F1F71B25696B00B1DF33 /* UIViewController+PrintViewControllerHierarchy.m */,
			);
			path = PrintViewControllerHierarchy;
			sourceTree = "<group>";
		};
		4CF3F1CC1B2567A000B1DF33 /* UIKitExtensions */ = {
			isa = PBXGroup;
			children = (
				4C9654061B27D1CD00E8E5B1 /* TransparentNavigationBar */,
				4CF3F1CD1B2567A000B1DF33 /* DataSourceCollections */,
				4CF3F1D21B2567A000B1DF33 /* Frame */,
				4CF3F1D51B2567A000B1DF33 /* LoadImage */,
				4CF3F1D81B2567A000B1DF33 /* RegisterCell */,
				4CF3F1DD1B2567A000B1DF33 /* Tab+Navs */,
			);
			path = UIKitExtensions;
			sourceTree = "<group>";
		};
		4CF3F1CD1B2567A000B1DF33 /* DataSourceCollections */ = {
			isa = PBXGroup;
			children = (
				4CF3F1CE1B2567A000B1DF33 /* NSArray+CollectionViewDataSource.h */,
				4CF3F1CF1B2567A000B1DF33 /* NSArray+CollectionViewDataSource.m */,
				4CF3F1D01B2567A000B1DF33 /* NSArray+TableViewDataSource.h */,
				4CF3F1D11B2567A000B1DF33 /* NSArray+TableViewDataSource.m */,
			);
			path = DataSourceCollections;
			sourceTree = "<group>";
		};
		4CF3F1D21B2567A000B1DF33 /* Frame */ = {
			isa = PBXGroup;
			children = (
				4CF3F1D31B2567A000B1DF33 /* UIView+Frame.h */,
				4CF3F1D41B2567A000B1DF33 /* UIView+Frame.m */,
			);
			path = Frame;
			sourceTree = "<group>";
		};
		4CF3F1D51B2567A000B1DF33 /* LoadImage */ = {
			isa = PBXGroup;
			children = (
				4CF3F1D61B2567A000B1DF33 /* UIImage+LoadImage.h */,
				4CF3F1D71B2567A000B1DF33 /* UIImage+LoadImage.m */,
			);
			path = LoadImage;
			sourceTree = "<group>";
		};
		4CF3F1D81B2567A000B1DF33 /* RegisterCell */ = {
			isa = PBXGroup;
			children = (
				4CF3F1D91B2567A000B1DF33 /* UICollectionView+RegisterCell.h */,
				4CF3F1DA1B2567A000B1DF33 /* UICollectionView+RegisterCell.m */,
				4CF3F1DB1B2567A000B1DF33 /* UITableView+RegisterCell.h */,
				4CF3F1DC1B2567A000B1DF33 /* UITableView+RegisterCell.m */,
			);
			path = RegisterCell;
			sourceTree = "<group>";
		};
		4CF3F1DD1B2567A000B1DF33 /* Tab+Navs */ = {
			isa = PBXGroup;
			children = (
				4CF3F1DE1B2567A000B1DF33 /* UITabBarController+UINavigationController.h */,
				4CF3F1DF1B2567A000B1DF33 /* UITabBarController+UINavigationController.m */,
			);
			path = "Tab+Navs";
			sourceTree = "<group>";
		};
		4CF3F1E01B2567A000B1DF33 /* Wrapper */ = {
			isa = PBXGroup;
			children = (
			);
			path = Wrapper;
			sourceTree = "<group>";
		};
/* End PBXGroup section */

/* Begin PBXNativeTarget section */
		4CE3387A1B2526830071E68C /* Objective-CArmyKnifeExample */ = {
			isa = PBXNativeTarget;
			buildConfigurationList = 4CE3389E1B2526840071E68C /* Build configuration list for PBXNativeTarget "Objective-CArmyKnifeExample" */;
			buildPhases = (
				4CE338771B2526830071E68C /* Sources */,
				4CE338781B2526830071E68C /* Frameworks */,
				4CE338791B2526830071E68C /* Resources */,
			);
			buildRules = (
			);
			dependencies = (
			);
			name = "Objective-CArmyKnifeExample";
			productName = "Objective-CArmyKnifeExample";
			productReference = 4CE3387B1B2526830071E68C /* Objective-CArmyKnifeExample.app */;
			productType = "com.apple.product-type.application";
		};
		4CE338931B2526840071E68C /* Objective-CArmyKnifeExampleTests */ = {
			isa = PBXNativeTarget;
			buildConfigurationList = 4CE338A11B2526840071E68C /* Build configuration list for PBXNativeTarget "Objective-CArmyKnifeExampleTests" */;
			buildPhases = (
				4CE338901B2526840071E68C /* Sources */,
				4CE338911B2526840071E68C /* Frameworks */,
				4CE338921B2526840071E68C /* Resources */,
			);
			buildRules = (
			);
			dependencies = (
				4CE338961B2526840071E68C /* PBXTargetDependency */,
			);
			name = "Objective-CArmyKnifeExampleTests";
			productName = "Objective-CArmyKnifeExampleTests";
			productReference = 4CE338941B2526840071E68C /* Objective-CArmyKnifeExampleTests.xctest */;
			productType = "com.apple.product-type.bundle.unit-test";
		};
/* End PBXNativeTarget section */

/* Begin PBXProject section */
		4CE338731B2526830071E68C /* Project object */ = {
			isa = PBXProject;
			attributes = {
				LastUpgradeCheck = 0630;
				ORGANIZATIONNAME = "Michael-lfx";
				TargetAttributes = {
					4CE3387A1B2526830071E68C = {
						CreatedOnToolsVersion = 6.3.2;
					};
					4CE338931B2526840071E68C = {
						CreatedOnToolsVersion = 6.3.2;
						TestTargetID = 4CE3387A1B2526830071E68C;
					};
				};
			};
			buildConfigurationList = 4CE338761B2526830071E68C /* Build configuration list for PBXProject "Objective-CArmyKnifeExample" */;
			compatibilityVersion = "Xcode 3.2";
			developmentRegion = English;
			hasScannedForEncodings = 0;
			knownRegions = (
				en,
				Base,
			);
			mainGroup = 4CE338721B2526830071E68C;
			productRefGroup = 4CE3387C1B2526830071E68C /* Products */;
			projectDirPath = "";
			projectRoot = "";
			targets = (
				4CE3387A1B2526830071E68C /* Objective-CArmyKnifeExample */,
				4CE338931B2526840071E68C /* Objective-CArmyKnifeExampleTests */,
			);
		};
/* End PBXProject section */

/* Begin PBXResourcesBuildPhase section */
		4CE338791B2526830071E68C /* Resources */ = {
			isa = PBXResourcesBuildPhase;
			buildActionMask = 2147483647;
			files = (
				4CE3388A1B2526830071E68C /* Main.storyboard in Resources */,
				4CE3388F1B2526830071E68C /* LaunchScreen.xib in Resources */,
				4CE3388C1B2526830071E68C /* Images.xcassets in Resources */,
			);
			runOnlyForDeploymentPostprocessing = 0;
		};
		4CE338921B2526840071E68C /* Resources */ = {
			isa = PBXResourcesBuildPhase;
			buildActionMask = 2147483647;
			files = (
			);
			runOnlyForDeploymentPostprocessing = 0;
		};
/* End PBXResourcesBuildPhase section */

/* Begin PBXSourcesBuildPhase section */
		4CE338771B2526830071E68C /* Sources */ = {
			isa = PBXSourcesBuildPhase;
			buildActionMask = 2147483647;
			files = (
				4CF3F1F41B2567A000B1DF33 /* UITableView+RegisterCell.m in Sources */,
				4CF3F1EF1B2567A000B1DF33 /* NSArray+CollectionViewDataSource.m in Sources */,
				4CF3F1EA1B2567A000B1DF33 /* MethodSwizzConvenienceInterface.m in Sources */,
				4C9654091B27D22B00E8E5B1 /* NavigationBar+Colorful.m in Sources */,
				4CF3F2041B26D78F00B1DF33 /* LoopLoadingView.m in Sources */,
				4CF3F1EB1B2567A000B1DF33 /* NSArray+PrintModelProperty.m in Sources */,
				4CF3F1E11B2567A000B1DF33 /* UIView+Frame.m in Sources */,
				4CE338871B2526830071E68C /* ViewController.m in Sources */,
				4CE338841B2526830071E68C /* AppDelegate.m in Sources */,
				4CF3F1E71B2567A000B1DF33 /* UIDevice+Extensions.m in Sources */,
				4CF3F1E81B2567A000B1DF33 /* UIImageView+Extensions.m in Sources */,
				4CF3F1F51B2567A000B1DF33 /* UITabBarController+UINavigationController.m in Sources */,
				4CF3F1F11B2567A000B1DF33 /* UIView+Frame.m in Sources */,
				4CF3F1E51B2567A000B1DF33 /* NSString+Extensions.m in Sources */,
				4CF3F1F01B2567A000B1DF33 /* NSArray+TableViewDataSource.m in Sources */,
				4CF3F1E21B2567A000B1DF33 /* CAAnimation+Extensions.m in Sources */,
				4CF3F1EC1B2567A000B1DF33 /* NSDictionary+PrintModelProperty.m in Sources */,
				4CF3F1E61B2567A000B1DF33 /* UIColor+Extensions.m in Sources */,
				4CF3F1F21B2567A000B1DF33 /* UIImage+LoadImage.m in Sources */,
				4CE338811B2526830071E68C /* main.m in Sources */,
				4CF3F1E31B2567A000B1DF33 /* CGRect+Extensions.m in Sources */,
				4CF3F1E91B2567A000B1DF33 /* UIView+Extensions.m in Sources */,
				4CF3F1EE1B2567A000B1DF33 /* NSSet+PrintModelProperty.m in Sources */,
				4CF3F1F31B2567A000B1DF33 /* UICollectionView+RegisterCell.m in Sources */,
				4CF3F1ED1B2567A000B1DF33 /* NSObject+PrintModelProperty.m in Sources */,
				4CF3F1E41B2567A000B1DF33 /* NSData+Extensions.m in Sources */,
				4CF3F1F81B25696B00B1DF33 /* UIViewController+PrintViewControllerHierarchy.m in Sources */,
			);
			runOnlyForDeploymentPostprocessing = 0;
		};
		4CE338901B2526840071E68C /* Sources */ = {
			isa = PBXSourcesBuildPhase;
			buildActionMask = 2147483647;
			files = (
				4CE3389B1B2526840071E68C /* Objective_CArmyKnifeExampleTests.m in Sources */,
			);
			runOnlyForDeploymentPostprocessing = 0;
		};
/* End PBXSourcesBuildPhase section */

/* Begin PBXTargetDependency section */
		4CE338961B2526840071E68C /* PBXTargetDependency */ = {
			isa = PBXTargetDependency;
			target = 4CE3387A1B2526830071E68C /* Objective-CArmyKnifeExample */;
			targetProxy = 4CE338951B2526840071E68C /* PBXContainerItemProxy */;
		};
/* End PBXTargetDependency section */

/* Begin PBXVariantGroup section */
		4CE338881B2526830071E68C /* Main.storyboard */ = {
			isa = PBXVariantGroup;
			children = (
				4CE338891B2526830071E68C /* Base */,
			);
			name = Main.storyboard;
			sourceTree = "<group>";
		};
		4CE3388D1B2526830071E68C /* LaunchScreen.xib */ = {
			isa = PBXVariantGroup;
			children = (
				4CE3388E1B2526830071E68C /* Base */,
			);
			name = LaunchScreen.xib;
			sourceTree = "<group>";
		};
/* End PBXVariantGroup section */

/* Begin XCBuildConfiguration section */
		4CE3389C1B2526840071E68C /* Debug */ = {
			isa = XCBuildConfiguration;
			buildSettings = {
				ALWAYS_SEARCH_USER_PATHS = NO;
				CLANG_CXX_LANGUAGE_STANDARD = "gnu++0x";
				CLANG_CXX_LIBRARY = "libc++";
				CLANG_ENABLE_MODULES = YES;
				CLANG_ENABLE_OBJC_ARC = YES;
				CLANG_WARN_BOOL_CONVERSION = YES;
				CLANG_WARN_CONSTANT_CONVERSION = YES;
				CLANG_WARN_DIRECT_OBJC_ISA_USAGE = YES_ERROR;
				CLANG_WARN_EMPTY_BODY = YES;
				CLANG_WARN_ENUM_CONVERSION = YES;
				CLANG_WARN_INT_CONVERSION = YES;
				CLANG_WARN_OBJC_ROOT_CLASS = YES_ERROR;
				CLANG_WARN_UNREACHABLE_CODE = YES;
				CLANG_WARN__DUPLICATE_METHOD_MATCH = YES;
				"CODE_SIGN_IDENTITY[sdk=iphoneos*]" = "iPhone Developer";
				COPY_PHASE_STRIP = NO;
				DEBUG_INFORMATION_FORMAT = "dwarf-with-dsym";
				ENABLE_STRICT_OBJC_MSGSEND = YES;
				GCC_C_LANGUAGE_STANDARD = gnu99;
				GCC_DYNAMIC_NO_PIC = NO;
				GCC_NO_COMMON_BLOCKS = YES;
				GCC_OPTIMIZATION_LEVEL = 0;
				GCC_PREPROCESSOR_DEFINITIONS = (
					"DEBUG=1",
					"$(inherited)",
				);
				GCC_SYMBOLS_PRIVATE_EXTERN = NO;
				GCC_WARN_64_TO_32_BIT_CONVERSION = YES;
				GCC_WARN_ABOUT_RETURN_TYPE = YES_ERROR;
				GCC_WARN_UNDECLARED_SELECTOR = YES;
				GCC_WARN_UNINITIALIZED_AUTOS = YES_AGGRESSIVE;
				GCC_WARN_UNUSED_FUNCTION = YES;
				GCC_WARN_UNUSED_VARIABLE = YES;
				IPHONEOS_DEPLOYMENT_TARGET = 8.3;
				MTL_ENABLE_DEBUG_INFO = YES;
				ONLY_ACTIVE_ARCH = YES;
				SDKROOT = iphoneos;
				TARGETED_DEVICE_FAMILY = "1,2";
			};
			name = Debug;
		};
		4CE3389D1B2526840071E68C /* Release */ = {
			isa = XCBuildConfiguration;
			buildSettings = {
				ALWAYS_SEARCH_USER_PATHS = NO;
				CLANG_CXX_LANGUAGE_STANDARD = "gnu++0x";
				CLANG_CXX_LIBRARY = "libc++";
				CLANG_ENABLE_MODULES = YES;
				CLANG_ENABLE_OBJC_ARC = YES;
				CLANG_WARN_BOOL_CONVERSION = YES;
				CLANG_WARN_CONSTANT_CONVERSION = YES;
				CLANG_WARN_DIRECT_OBJC_ISA_USAGE = YES_ERROR;
				CLANG_WARN_EMPTY_BODY = YES;
				CLANG_WARN_ENUM_CONVERSION = YES;
				CLANG_WARN_INT_CONVERSION = YES;
				CLANG_WARN_OBJC_ROOT_CLASS = YES_ERROR;
				CLANG_WARN_UNREACHABLE_CODE = YES;
				CLANG_WARN__DUPLICATE_METHOD_MATCH = YES;
				"CODE_SIGN_IDENTITY[sdk=iphoneos*]" = "iPhone Developer";
				COPY_PHASE_STRIP = NO;
				DEBUG_INFORMATION_FORMAT = "dwarf-with-dsym";
				ENABLE_NS_ASSERTIONS = NO;
				ENABLE_STRICT_OBJC_MSGSEND = YES;
				GCC_C_LANGUAGE_STANDARD = gnu99;
				GCC_NO_COMMON_BLOCKS = YES;
				GCC_WARN_64_TO_32_BIT_CONVERSION = YES;
				GCC_WARN_ABOUT_RETURN_TYPE = YES_ERROR;
				GCC_WARN_UNDECLARED_SELECTOR = YES;
				GCC_WARN_UNINITIALIZED_AUTOS = YES_AGGRESSIVE;
				GCC_WARN_UNUSED_FUNCTION = YES;
				GCC_WARN_UNUSED_VARIABLE = YES;
				IPHONEOS_DEPLOYMENT_TARGET = 8.3;
				MTL_ENABLE_DEBUG_INFO = NO;
				SDKROOT = iphoneos;
				TARGETED_DEVICE_FAMILY = "1,2";
				VALIDATE_PRODUCT = YES;
			};
			name = Release;
		};
		4CE3389F1B2526840071E68C /* Debug */ = {
			isa = XCBuildConfiguration;
			buildSettings = {
				ASSETCATALOG_COMPILER_APPICON_NAME = AppIcon;
				INFOPLIST_FILE = "Objective-CArmyKnifeExample/Info.plist";
				LD_RUNPATH_SEARCH_PATHS = "$(inherited) @executable_path/Frameworks";
				PRODUCT_NAME = "$(TARGET_NAME)";
			};
			name = Debug;
		};
		4CE338A01B2526840071E68C /* Release */ = {
			isa = XCBuildConfiguration;
			buildSettings = {
				ASSETCATALOG_COMPILER_APPICON_NAME = AppIcon;
				INFOPLIST_FILE = "Objective-CArmyKnifeExample/Info.plist";
				LD_RUNPATH_SEARCH_PATHS = "$(inherited) @executable_path/Frameworks";
				PRODUCT_NAME = "$(TARGET_NAME)";
			};
			name = Release;
		};
		4CE338A21B2526840071E68C /* Debug */ = {
			isa = XCBuildConfiguration;
			buildSettings = {
				BUNDLE_LOADER = "$(TEST_HOST)";
				FRAMEWORK_SEARCH_PATHS = (
					"$(SDKROOT)/Developer/Library/Frameworks",
					"$(inherited)",
				);
				GCC_PREPROCESSOR_DEFINITIONS = (
					"DEBUG=1",
					"$(inherited)",
				);
				INFOPLIST_FILE = "Objective-CArmyKnifeExampleTests/Info.plist";
				LD_RUNPATH_SEARCH_PATHS = "$(inherited) @executable_path/Frameworks @loader_path/Frameworks";
				PRODUCT_NAME = "$(TARGET_NAME)";
				TEST_HOST = "$(BUILT_PRODUCTS_DIR)/Objective-CArmyKnifeExample.app/Objective-CArmyKnifeExample";
			};
			name = Debug;
		};
		4CE338A31B2526840071E68C /* Release */ = {
			isa = XCBuildConfiguration;
			buildSettings = {
				BUNDLE_LOADER = "$(TEST_HOST)";
				FRAMEWORK_SEARCH_PATHS = (
					"$(SDKROOT)/Developer/Library/Frameworks",
					"$(inherited)",
				);
				INFOPLIST_FILE = "Objective-CArmyKnifeExampleTests/Info.plist";
				LD_RUNPATH_SEARCH_PATHS = "$(inherited) @executable_path/Frameworks @loader_path/Frameworks";
				PRODUCT_NAME = "$(TARGET_NAME)";
				TEST_HOST = "$(BUILT_PRODUCTS_DIR)/Objective-CArmyKnifeExample.app/Objective-CArmyKnifeExample";
			};
			name = Release;
		};
/* End XCBuildConfiguration section */

/* Begin XCConfigurationList section */
		4CE338761B2526830071E68C /* Build configuration list for PBXProject "Objective-CArmyKnifeExample" */ = {
			isa = XCConfigurationList;
			buildConfigurations = (
				4CE3389C1B2526840071E68C /* Debug */,
				4CE3389D1B2526840071E68C /* Release */,
			);
			defaultConfigurationIsVisible = 0;
			defaultConfigurationName = Release;
		};
		4CE3389E1B2526840071E68C /* Build configuration list for PBXNativeTarget "Objective-CArmyKnifeExample" */ = {
			isa = XCConfigurationList;
			buildConfigurations = (
				4CE3389F1B2526840071E68C /* Debug */,
				4CE338A01B2526840071E68C /* Release */,
			);
			defaultConfigurationIsVisible = 0;
			defaultConfigurationName = Release;
		};
		4CE338A11B2526840071E68C /* Build configuration list for PBXNativeTarget "Objective-CArmyKnifeExampleTests" */ = {
			isa = XCConfigurationList;
			buildConfigurations = (
				4CE338A21B2526840071E68C /* Debug */,
				4CE338A31B2526840071E68C /* Release */,
			);
			defaultConfigurationIsVisible = 0;
			defaultConfigurationName = Release;
		};
/* End XCConfigurationList section */
	};
	rootObject = 4CE338731B2526830071E68C /* Project object */;
}
